// !$*UTF8*$!
{
	archiveVersion = 1;
	classes = {
	};
	objectVersion = 46;
	objects = {

/* Begin PBXBuildFile section */
		DC1B84871CC5E7160007961A /* main.m in Sources */ = {isa = PBXBuildFile; fileRef = DC1B84861CC5E7160007961A /* main.m */; };
		DC1B848A1CC5E7160007961A /* AppDelegate.m in Sources */ = {isa = PBXBuildFile; fileRef = DC1B84891CC5E7160007961A /* AppDelegate.m */; };
		DC1B848D1CC5E7160007961A /* ViewController.m in Sources */ = {isa = PBXBuildFile; fileRef = DC1B848C1CC5E7160007961A /* ViewController.m */; };
		DC1B84901CC5E7160007961A /* Main.storyboard in Resources */ = {isa = PBXBuildFile; fileRef = DC1B848E1CC5E7160007961A /* Main.storyboard */; };
		DC1B84921CC5E7160007961A /* Assets.xcassets in Resources */ = {isa = PBXBuildFile; fileRef = DC1B84911CC5E7160007961A /* Assets.xcassets */; };
		DC1B84951CC5E7160007961A /* LaunchScreen.storyboard in Resources */ = {isa = PBXBuildFile; fileRef = DC1B84931CC5E7160007961A /* LaunchScreen.storyboard */; };
		DC1B849E1CC5F2E00007961A /* DrNavDropView.m in Sources */ = {isa = PBXBuildFile; fileRef = DC1B849D1CC5F2E00007961A /* DrNavDropView.m */; };
		DC5F817A1CC6604C00F0B459 /* DrNavDropView.xib in Resources */ = {isa = PBXBuildFile; fileRef = DC5F81791CC6604C00F0B459 /* DrNavDropView.xib */; };
/* End PBXBuildFile section */

/* Begin PBXFileReference section */
		DC1B84821CC5E7150007961A /* DrNavDropView.app */ = {isa = PBXFileReference; explicitFileType = wrapper.application; includeInIndex = 0; path = DrNavDropView.app; sourceTree = BUILT_PRODUCTS_DIR; };
		DC1B84861CC5E7160007961A /* main.m */ = {isa = PBXFileReference; lastKnownFileType = sourcecode.c.objc; path = main.m; sourceTree = "<group>"; };
		DC1B84881CC5E7160007961A /* AppDelegate.h */ = {isa = PBXFileReference; lastKnownFileType = sourcecode.c.h; path = AppDelegate.h; sourceTree = "<group>"; };
		DC1B84891CC5E7160007961A /* AppDelegate.m */ = {isa = PBXFileReference; lastKnownFileType = sourcecode.c.objc; path = AppDelegate.m; sourceTree = "<group>"; };
		DC1B848B1CC5E7160007961A /* ViewController.h */ = {isa = PBXFileReference; lastKnownFileType = sourcecode.c.h; path = ViewController.h; sourceTree = "<group>"; };
		DC1B848C1CC5E7160007961A /* ViewController.m */ = {isa = PBXFileReference; lastKnownFileType = sourcecode.c.objc; path = ViewController.m; sourceTree = "<group>"; };
		DC1B848F1CC5E7160007961A /* Base */ = {isa = PBXFileReference; lastKnownFileType = file.storyboard; name = Base; path = Base.lproj/Main.storyboard; sourceTree = "<group>"; };
		DC1B84911CC5E7160007961A /* Assets.xcassets */ = {isa = PBXFileReference; lastKnownFileType = folder.assetcatalog; path = Assets.xcassets; sourceTree = "<group>"; };
		DC1B84941CC5E7160007961A /* Base */ = {isa = PBXFileReference; lastKnownFileType = file.storyboard; name = Base; path = Base.lproj/LaunchScreen.storyboard; sourceTree = "<group>"; };
		DC1B84961CC5E7160007961A /* Info.plist */ = {isa = PBXFileReference; lastKnownFileType = text.plist.xml; path = Info.plist; sourceTree = "<group>"; };
		DC1B849C1CC5F2E00007961A /* DrNavDropView.h */ = {isa = PBXFileReference; fileEncoding = 4; lastKnownFileType = sourcecode.c.h; path = DrNavDropView.h; sourceTree = "<group>"; };
		DC1B849D1CC5F2E00007961A /* DrNavDropView.m */ = {isa = PBXFileReference; fileEncoding = 4; lastKnownFileType = sourcecode.c.objc; path = DrNavDropView.m; sourceTree = "<group>"; };
		DC5F81791CC6604C00F0B459 /* DrNavDropView.xib */ = {isa = PBXFileReference; fileEncoding = 4; lastKnownFileType = file.xib; path = DrNavDropView.xib; sourceTree = "<group>"; };
/* End PBXFileReference section */

/* Begin PBXFrameworksBuildPhase section */
		DC1B847F1CC5E7150007961A /* Frameworks */ = {
			isa = PBXFrameworksBuildPhase;
			buildActionMask = 2147483647;
			files = (
			);
			runOnlyForDeploymentPostprocessing = 0;
		};
/* End PBXFrameworksBuildPhase section */

/* Begin PBXGroup section */
		DC1B84791CC5E7150007961A = {
			isa = PBXGroup;
			children = (
				DC1B84841CC5E7160007961A /* DrNavDropView */,
				DC1B84831CC5E7150007961A /* Products */,
			);
			sourceTree = "<group>";
		};
		DC1B84831CC5E7150007961A /* Products */ = {
			isa = PBXGroup;
			children = (
				DC1B84821CC5E7150007961A /* DrNavDropView.app */,
			);
			name = Products;
			sourceTree = "<group>";
		};
		DC1B84841CC5E7160007961A /* DrNavDropView */ = {
			isa = PBXGroup;
			children = (
				DC1B84881CC5E7160007961A /* AppDelegate.h */,
				DC1B84891CC5E7160007961A /* AppDelegate.m */,
				DC1B848B1CC5E7160007961A /* ViewController.h */,
				DC1B848C1CC5E7160007961A /* ViewController.m */,
				DC1B849C1CC5F2E00007961A /* DrNavDropView.h */,
				DC1B849D1CC5F2E00007961A /* DrNavDropView.m */,
				DC5F81791CC6604C00F0B459 /* DrNavDropView.xib */,
				DC1B848E1CC5E7160007961A /* Main.storyboard */,
				DC1B84911CC5E7160007961A /* Assets.xcassets */,
				DC1B84931CC5E7160007961A /* LaunchScreen.storyboard */,
				DC1B84961CC5E7160007961A /* Info.plist */,
				DC1B84851CC5E7160007961A /* Supporting Files */,
			);
			path = DrNavDropView;
			sourceTree = "<group>";
		};
		DC1B84851CC5E7160007961A /* Supporting Files */ = {
			isa = PBXGroup;
			children = (
				DC1B84861CC5E7160007961A /* main.m */,
			);
			name = "Supporting Files";
			sourceTree = "<group>";
		};
/* End PBXGroup section */

/* Begin PBXNativeTarget section */
		DC1B84811CC5E7150007961A /* DrNavDropView */ = {
			isa = PBXNativeTarget;
			buildConfigurationList = DC1B84991CC5E7160007961A /* Build configuration list for PBXNativeTarget "DrNavDropView" */;
			buildPhases = (
				DC1B847E1CC5E7150007961A /* Sources */,
				DC1B847F1CC5E7150007961A /* Frameworks */,
				DC1B84801CC5E7150007961A /* Resources */,
			);
			buildRules = (
			);
			dependencies = (
			);
			name = DrNavDropView;
			productName = DrNavDropView;
			productReference = DC1B84821CC5E7150007961A /* DrNavDropView.app */;
			productType = "com.apple.product-type.application";
		};
/* End PBXNativeTarget section */

/* Begin PBXProject section */
		DC1B847A1CC5E7150007961A /* Project object */ = {
			isa = PBXProject;
			attributes = {
				LastUpgradeCheck = 0730;
				ORGANIZATIONNAME = Mailtime;
				TargetAttributes = {
					DC1B84811CC5E7150007961A = {
						CreatedOnToolsVersion = 7.3;
					};
				};
			};
			buildConfigurationList = DC1B847D1CC5E7150007961A /* Build configuration list for PBXProject "DrNavDropView" */;
			compatibilityVersion = "Xcode 3.2";
			developmentRegion = English;
			hasScannedForEncodings = 0;
			knownRegions = (
				en,
				Base,
			);
			mainGroup = DC1B84791CC5E7150007961A;
			productRefGroup = DC1B84831CC5E7150007961A /* Products */;
			projectDirPath = "";
			projectRoot = "";
			targets = (
				DC1B84811CC5E7150007961A /* DrNavDropView */,
			);
		};
/* End PBXProject section */

/* Begin PBXResourcesBuildPhase section */
		DC1B84801CC5E7150007961A /* Resources */ = {
			isa = PBXResourcesBuildPhase;
			buildActionMask = 2147483647;
			files = (
				DC1B84951CC5E7160007961A /* LaunchScreen.storyboard in Resources */,
				DC5F817A1CC6604C00F0B459 /* DrNavDropView.xib in Resources */,
				DC1B84921CC5E7160007961A /* Assets.xcassets in Resources */,
				DC1B84901CC5E7160007961A /* Main.storyboard in Resources */,
			);
			runOnlyForDeploymentPostprocessing = 0;
		};
/* End PBXResourcesBuildPhase section */

/* Begin PBXSourcesBuildPhase section */
		DC1B847E1CC5E7150007961A /* Sources */ = {
			isa = PBXSourcesBuildPhase;
			buildActionMask = 2147483647;
			files = (
				DC1B848D1CC5E7160007961A /* ViewController.m in Sources */,
				DC1B848A1CC5E7160007961A /* AppDelegate.m in Sources */,
				DC1B84871CC5E7160007961A /* main.m in Sources */,
				DC1B849E1CC5F2E00007961A /* DrNavDropView.m in Sources */,
			);
			runOnlyForDeploymentPostprocessing = 0;
		};
/* End PBXSourcesBuildPhase section */

/* Begin PBXVariantGroup section */
		DC1B848E1CC5E7160007961A /* Main.storyboard */ = {
			isa = PBXVariantGroup;
			children = (
				DC1B848F1CC5E7160007961A /* Base */,
			);
			name = Main.storyboard;
			sourceTree = "<group>";
		};
		DC1B84931CC5E7160007961A /* LaunchScreen.storyboard */ = {
			isa = PBXVariantGroup;
			children = (
				DC1B84941CC5E7160007961A /* Base */,
			);
			name = LaunchScreen.storyboard;
			sourceTree = "<group>";
		};
/* End PBXVariantGroup section */

/* Begin XCBuildConfiguration section */
		DC1B84971CC5E7160007961A /* Debug */ = {
			isa = XCBuildConfiguration;
			buildSettings = {
				ALWAYS_SEARCH_USER_PATHS = NO;
				CLANG_ANALYZER_NONNULL = YES;
				CLANG_CXX_LANGUAGE_STANDARD = "gnu++0x";
				CLANG_CXX_LIBRARY = "libc++";
				CLANG_ENABLE_MODULES = YES;
				CLANG_ENABLE_OBJC_ARC = YES;
				CLANG_WARN_BOOL_CONVERSION = YES;
				CLANG_WARN_CONSTANT_CONVERSION = YES;
				CLANG_WARN_DIRECT_OBJC_ISA_USAGE = YES_ERROR;
				CLANG_WARN_EMPTY_BODY = YES;
				CLANG_WARN_ENUM_CONVERSION = YES;
				CLANG_WARN_INT_CONVERSION = YES;
				CLANG_WARN_OBJC_ROOT_CLASS = YES_ERROR;
				CLANG_WARN_UNREACHABLE_CODE = YES;
				CLANG_WARN__DUPLICATE_METHOD_MATCH = YES;
				"CODE_SIGN_IDENTITY[sdk=iphoneos*]" = "iPhone Developer";
				COPY_PHASE_STRIP = NO;
				DEBUG_INFORMATION_FORMAT = dwarf;
				ENABLE_STRICT_OBJC_MSGSEND = YES;
				ENABLE_TESTABILITY = YES;
				GCC_C_LANGUAGE_STANDARD = gnu99;
				GCC_DYNAMIC_NO_PIC = NO;
				GCC_NO_COMMON_BLOCKS = YES;
				GCC_OPTIMIZATION_LEVEL = 0;
				GCC_PREPROCESSOR_DEFINITIONS = (
					"DEBUG=1",
					"$(inherited)",
				);
				GCC_WARN_64_TO_32_BIT_CONVERSION = YES;
				GCC_WARN_ABOUT_RETURN_TYPE = YES_ERROR;
				GCC_WARN_UNDECLARED_SELECTOR = YES;
				GCC_WARN_UNINITIALIZED_AUTOS = YES_AGGRESSIVE;
				GCC_WARN_UNUSED_FUNCTION = YES;
				GCC_WARN_UNUSED_VARIABLE = YES;
				IPHONEOS_DEPLOYMENT_TARGET = 9.3;
				MTL_ENABLE_DEBUG_INFO = YES;
				ONLY_ACTIVE_ARCH = YES;
				SDKROOT = iphoneos;
			};
			name = Debug;
		};
		DC1B84981CC5E7160007961A /* Release */ = {
			isa = XCBuildConfiguration;
			buildSettings = {
				ALWAYS_SEARCH_USER_PATHS = NO;
				CLANG_ANALYZER_NONNULL = YES;
				CLANG_CXX_LANGUAGE_STANDARD = "gnu++0x";
				CLANG_CXX_LIBRARY = "libc++";
				CLANG_ENABLE_MODULES = YES;
				CLANG_ENABLE_OBJC_ARC = YES;
				CLANG_WARN_BOOL_CONVERSION = YES;
				CLANG_WARN_CONSTANT_CONVERSION = YES;
				CLANG_WARN_DIRECT_OBJC_ISA_USAGE = YES_ERROR;
				CLANG_WARN_EMPTY_BODY = YES;
				CLANG_WARN_ENUM_CONVERSION = YES;
				CLANG_WARN_INT_CONVERSION = YES;
				CLANG_WARN_OBJC_ROOT_CLASS = YES_ERROR;
				CLANG_WARN_UNREACHABLE_CODE = YES;
				CLANG_WARN__DUPLICATE_METHOD_MATCH = YES;
				"CODE_SIGN_IDENTITY[sdk=iphoneos*]" = "iPhone Developer";
				COPY_PHASE_STRIP = NO;
				DEBUG_INFORMATION_FORMAT = "dwarf-with-dsym";
				ENABLE_NS_ASSERTIONS = NO;
				ENABLE_STRICT_OBJC_MSGSEND = YES;
				GCC_C_LANGUAGE_STANDARD = gnu99;
				GCC_NO_COMMON_BLOCKS = YES;
				GCC_WARN_64_TO_32_BIT_CONVERSION = YES;
				GCC_WARN_ABOUT_RETURN_TYPE = YES_ERROR;
				GCC_WARN_UNDECLARED_SELECTOR = YES;
				GCC_WARN_UNINITIALIZED_AUTOS = YES_AGGRESSIVE;
				GCC_WARN_UNUSED_FUNCTION = YES;
				GCC_WARN_UNUSED_VARIABLE = YES;
				IPHONEOS_DEPLOYMENT_TARGET = 9.3;
				MTL_ENABLE_DEBUG_INFO = NO;
				SDKROOT = iphoneos;
				VALIDATE_PRODUCT = YES;
			};
			name = Release;
		};
		DC1B849A1CC5E7160007961A /* Debug */ = {
			isa = XCBuildConfiguration;
			buildSettings = {
				ASSETCATALOG_COMPILER_APPICON_NAME = AppIcon;
				INFOPLIST_FILE = DrNavDropView/Info.plist;
				LD_RUNPATH_SEARCH_PATHS = "$(inherited) @executable_path/Frameworks";
				PRODUCT_BUNDLE_IDENTIFIER = Drust.DrNavDropView;
				PRODUCT_NAME = "$(TARGET_NAME)";
			};
			name = Debug;
		};
		DC1B849B1CC5E7160007961A /* Release */ = {
			isa = XCBuildConfiguration;
			buildSettings = {
				ASSETCATALOG_COMPILER_APPICON_NAME = AppIcon;
				INFOPLIST_FILE = DrNavDropView/Info.plist;
				LD_RUNPATH_SEARCH_PATHS = "$(inherited) @executable_path/Frameworks";
				PRODUCT_BUNDLE_IDENTIFIER = Drust.DrNavDropView;
				PRODUCT_NAME = "$(TARGET_NAME)";
			};
			name = Release;
		};
/* End XCBuildConfiguration section */

/* Begin XCConfigurationList section */
		DC1B847D1CC5E7150007961A /* Build configuration list for PBXProject "DrNavDropView" */ = {
			isa = XCConfigurationList;
			buildConfigurations = (
				DC1B84971CC5E7160007961A /* Debug */,
				DC1B84981CC5E7160007961A /* Release */,
			);
			defaultConfigurationIsVisible = 0;
			defaultConfigurationName = Release;
		};
		DC1B84991CC5E7160007961A /* Build configuration list for PBXNativeTarget "DrNavDropView" */ = {
			isa = XCConfigurationList;
			buildConfigurations = (
				DC1B849A1CC5E7160007961A /* Debug */,
				DC1B849B1CC5E7160007961A /* Release */,
			);
			defaultConfigurationIsVisible = 0;
			defaultConfigurationName = Release;
		};
/* End XCConfigurationList section */
	};
	rootObject = DC1B847A1CC5E7150007961A /* Project object */;
}
